<?xml version="1.0" encoding="utf-8"?>
<Project ToolsVersion="4.0" xmlns="http://schemas.microsoft.com/developer/msbuild/2003">
  <ItemGroup>
    <Filter Include="Source Files">
      <UniqueIdentifier>{4FC737F1-C7A5-4376-A066-2A32D752A2FF}</UniqueIdentifier>
      <Extensions>cpp;c;cc;cxx;def;odl;idl;hpj;bat;asm;asmx</Extensions>
    </Filter>
    <Filter Include="Header Files">
      <UniqueIdentifier>{93995380-89BD-4b04-88EB-625FBE52EBFB}</UniqueIdentifier>
      <Extensions>h;hh;hpp;hxx;hm;inl;inc;ipp;xsd</Extensions>
    </Filter>
    <Filter Include="Resource Files">
      <UniqueIdentifier>{67DA6AB6-F800-4c08-8B7A-83BB121AAD01}</UniqueIdentifier>
      <Extensions>rc;ico;cur;bmp;dlg;rc2;rct;bin;rgs;gif;jpg;jpeg;jpe;resx;tiff;tif;png;wav;mfcribbon-ms</Extensions>
    </Filter>
    <Filter Include="Source Files\MK11">
      <UniqueIdentifier>{3ec9f235-9336-422d-9322-a38311ebc9e8}</UniqueIdentifier>
    </Filter>
    <Filter Include="Source Files\Utils">
      <UniqueIdentifier>{2a176353-d0e3-4c0b-8ba3-e0d426bd2989}</UniqueIdentifier>
    </Filter>
    <Filter Include="Header Files\MK11">
      <UniqueIdentifier>{5d6b45de-de39-4626-96ca-d8bc4b453bc9}</UniqueIdentifier>
    </Filter>
    <Filter Include="Header Files\Utils">
      <UniqueIdentifier>{f9c1e2c3-38a6-4c70-ad20-b7061aeb25fa}</UniqueIdentifier>
    </Filter>
    <Filter Include="Resource Files\ImGui">
      <UniqueIdentifier>{2c0f8ca9-1fa6-4ab7-9b75-6f10331df8eb}</UniqueIdentifier>
    </Filter>
    <Filter Include="Resource Files\IniReader">
      <UniqueIdentifier>{aeea746e-ee98-421d-bd5f-4a5002ec22fb}</UniqueIdentifier>
    </Filter>
    <Filter Include="Resource Files\Utils">
      <UniqueIdentifier>{0743fe0a-778f-4333-b10d-5e593bb95e2c}</UniqueIdentifier>
    </Filter>
    <Filter Include="Resource Files\Kiero">
      <UniqueIdentifier>{e78f80fc-12b4-4a32-a096-769c39d94380}</UniqueIdentifier>
    </Filter>
    <Filter Include="Resource Files\MinHook">
      <UniqueIdentifier>{30a0250e-a8ae-49e1-a9cf-6d2766dde094}</UniqueIdentifier>
    </Filter>
    <Filter Include="Resource Files\MinHook\source">
      <UniqueIdentifier>{fb1ca25f-c3dc-403c-b3fe-90df5ec8497a}</UniqueIdentifier>
    </Filter>
    <Filter Include="Resource Files\MinHook\headers">
      <UniqueIdentifier>{c1adb10e-835a-4cad-aad2-3f7691315eca}</UniqueIdentifier>
    </Filter>
  </ItemGroup>
  <ItemGroup>
    <ClCompile Include="source\dllmain.cpp">
      <Filter>Source Files</Filter>
    </ClCompile>
    <ClCompile Include="source\utils\CPPython\pystring.cpp">
      <Filter>Source Files\Utils</Filter>
    </ClCompile>
    <ClCompile Include="source\imgui\imgui.cpp">
      <Filter>Resource Files\ImGui</Filter>
    </ClCompile>
    <ClCompile Include="source\imgui\imgui_demo.cpp">
      <Filter>Resource Files\ImGui</Filter>
    </ClCompile>
    <ClCompile Include="source\imgui\imgui_draw.cpp">
      <Filter>Resource Files\ImGui</Filter>
    </ClCompile>
    <ClCompile Include="source\imgui\imgui_impl_dx11.cpp">
      <Filter>Resource Files\ImGui</Filter>
    </ClCompile>
    <ClCompile Include="source\imgui\imgui_impl_win32.cpp">
      <Filter>Resource Files\ImGui</Filter>
    </ClCompile>
    <ClCompile Include="source\imgui\imgui_widgets.cpp">
      <Filter>Resource Files\ImGui</Filter>
    </ClCompile>
    <ClCompile Include="source\IniReader.cpp">
      <Filter>Resource Files\IniReader</Filter>
    </ClCompile>
    <ClCompile Include="source\utils\Patterns.cpp">
      <Filter>Resource Files\Utils</Filter>
    </ClCompile>
    <ClCompile Include="source\kiero\kiero.cpp">
      <Filter>Resource Files\Kiero</Filter>
    </ClCompile>
    <ClCompile Include="source\kiero\minhook\src\buffer.c">
      <Filter>Resource Files\MinHook\source</Filter>
    </ClCompile>
    <ClCompile Include="source\kiero\minhook\src\hde\hde32.c">
      <Filter>Resource Files\MinHook\source</Filter>
    </ClCompile>
    <ClCompile Include="source\kiero\minhook\src\hde\hde64.c">
      <Filter>Resource Files\MinHook\source</Filter>
    </ClCompile>
    <ClCompile Include="source\kiero\minhook\src\hook.c">
      <Filter>Resource Files\MinHook\source</Filter>
    </ClCompile>
    <ClCompile Include="source\kiero\minhook\src\trampoline.c">
      <Filter>Resource Files\MinHook\source</Filter>
    </ClCompile>
    <ClCompile Include="source\src\mk11.cpp">
      <Filter>Source Files\MK11</Filter>
    </ClCompile>
    <ClCompile Include="source\src\mk11hook.cpp">
      <Filter>Source Files\MK11</Filter>
    </ClCompile>
    <ClCompile Include="source\src\mk11menu.cpp">
      <Filter>Source Files\MK11</Filter>
    </ClCompile>
    <ClCompile Include="source\src\mk11utils.cpp">
      <Filter>Source Files\MK11</Filter>
    </ClCompile>
    <ClCompile Include="source\src\eSettingsManager.cpp">
      <Filter>Source Files\Utils</Filter>
    </ClCompile>
    <ClCompile Include="source\src\Unlocker\eItemsManager.cpp">
      <Filter>Source Files\MK11</Filter>
    </ClCompile>
    <ClCompile Include="source\imgui\imgui_tables.cpp">
      <Filter>Resource Files\ImGui</Filter>
    </ClCompile>
    <ClCompile Include="source\utils\prettyprint.cpp">
      <Filter>Source Files\Utils</Filter>
    </ClCompile>
  </ItemGroup>
  <ItemGroup>
    <ClInclude Include="source\utils\CPPython\cppython.h">
      <Filter>Header Files\Utils</Filter>
    </ClInclude>
    <ClInclude Include="source\utils\CPPython\pystring.h">
      <Filter>Header Files\Utils</Filter>
    </ClInclude>
    <ClInclude Include="source\includes.h">
      <Filter>Header Files</Filter>
    </ClInclude>
    <ClInclude Include="source\imgui\imconfig.h">
      <Filter>Resource Files\ImGui</Filter>
    </ClInclude>
    <ClInclude Include="source\imgui\imgui.h">
      <Filter>Resource Files\ImGui</Filter>
    </ClInclude>
    <ClInclude Include="source\imgui\imgui_impl_dx11.h">
      <Filter>Resource Files\ImGui</Filter>
    </ClInclude>
    <ClInclude Include="source\imgui\imgui_impl_win32.h">
      <Filter>Resource Files\ImGui</Filter>
    </ClInclude>
    <ClInclude Include="source\imgui\imgui_internal.h">
      <Filter>Resource Files\ImGui</Filter>
    </ClInclude>
    <ClInclude Include="source\imgui\imstb_rectpack.h">
      <Filter>Resource Files\ImGui</Filter>
    </ClInclude>
    <ClInclude Include="source\imgui\imstb_textedit.h">
      <Filter>Resource Files\ImGui</Filter>
    </ClInclude>
    <ClInclude Include="source\imgui\imstb_truetype.h">
      <Filter>Resource Files\ImGui</Filter>
    </ClInclude>
    <ClInclude Include="source\IniReader.h">
      <Filter>Resource Files\IniReader</Filter>
    </ClInclude>
    <ClInclude Include="source\utils\MemoryMgr.h">
      <Filter>Resource Files\Utils</Filter>
    </ClInclude>
    <ClInclude Include="source\utils\Patterns.h">
      <Filter>Resource Files\Utils</Filter>
    </ClInclude>
    <ClInclude Include="source\utils\Trampoline.h">
      <Filter>Resource Files\Utils</Filter>
    </ClInclude>
    <ClInclude Include="source\kiero\kiero.h">
      <Filter>Resource Files\Kiero</Filter>
    </ClInclude>
    <ClInclude Include="source\kiero\minhook\src\buffer.h">
      <Filter>Resource Files\MinHook\source</Filter>
    </ClInclude>
    <ClInclude Include="source\kiero\minhook\src\hde\hde32.h">
      <Filter>Resource Files\MinHook\source</Filter>
    </ClInclude>
    <ClInclude Include="source\kiero\minhook\src\hde\hde64.h">
      <Filter>Resource Files\MinHook\source</Filter>
    </ClInclude>
    <ClInclude Include="source\kiero\minhook\src\hde\pstdint.h">
      <Filter>Resource Files\MinHook\source</Filter>
    </ClInclude>
    <ClInclude Include="source\kiero\minhook\src\hde\table32.h">
      <Filter>Resource Files\MinHook\source</Filter>
    </ClInclude>
    <ClInclude Include="source\kiero\minhook\src\hde\table64.h">
      <Filter>Resource Files\MinHook\source</Filter>
    </ClInclude>
    <ClInclude Include="source\kiero\minhook\src\trampoline.h">
      <Filter>Resource Files\MinHook\source</Filter>
    </ClInclude>
    <ClInclude Include="source\kiero\minhook\include\MinHook.h">
      <Filter>Resource Files\MinHook\headers</Filter>
    </ClInclude>
    <ClInclude Include="source\src\mk11.h">
      <Filter>Header Files\MK11</Filter>
    </ClInclude>
    <ClInclude Include="source\src\mk11hook.h">
      <Filter>Header Files\MK11</Filter>
    </ClInclude>
    <ClInclude Include="source\src\mk11menu.h">
      <Filter>Header Files\MK11</Filter>
    </ClInclude>
    <ClInclude Include="source\src\mk11utils.h">
      <Filter>Header Files\MK11</Filter>
    </ClInclude>
    <ClInclude Include="source\src\eSettingsManager.h">
      <Filter>Header Files\Utils</Filter>
    </ClInclude>
    <ClInclude Include="source\src\Unlocker\eItemsManager.h">
      <Filter>Header Files\MK11</Filter>
    </ClInclude>
    <ClInclude Include="source\utils\prettyprint.h">
      <Filter>Header Files\Utils</Filter>
    </ClInclude>
  </ItemGroup>
  <ItemGroup>
    <None Include="cpp.hint" />
  </ItemGroup>
</Project>